
Microsoft Visual Studio Solution File, Format Version 12.00
# Visual Studio 15
VisualStudioVersion = 15.0.26206.0
MinimumVisualStudioVersion = 10.0.40219.1
Project("{FAE04EC0-301F-11D3-BF4B-00C04F79EFBC}") = "TestRepo", "TestRepo\TestRepo.csproj", "{1F702B39-07AF-4F3D-B378-A5B78E0FDADA}"
EndProject
Global
	GlobalSection(SolutionConfigurationPlatforms) = preSolution
		Debug|Any CPU = Debug|Any CPU
		Release|Any CPU = Release|Any CPU
	EndGlobalSection
	GlobalSection(ProjectConfigurationPlatforms) = postSolution
		{1F702B39-07AF-4F3D-B378-A5B78E0FDADA}.Debug|Any CPU.ActiveCfg = Debug|Any CPU
		{1F702B39-07AF-4F3D-B378-A5B78E0FDADA}.Debug|Any CPU.Build.0 = Debug|Any CPU
		{1F702B39-07AF-4F3D-B378-A5B78E0FDADA}.Release|Any CPU.ActiveCfg = Release|Any CPU
		{1F702B39-07AF-4F3D-B378-A5B78E0FDADA}.Release|Any CPU.Build.0 = Release|Any CPU
	EndGlobalSection
	GlobalSection(SolutionProperties) = preSolution
		HideSolutionNode = FALSE
	EndGlobalSection
EndGlobal
